
Microsoft Visual Studio Solution File, Format Version 12.00
# Visual Studio Version 17
VisualStudioVersion = 17.3.32811.315
MinimumVisualStudioVersion = 10.0.40219.1
Project("{FAE04EC0-301F-11D3-BF4B-00C04F79EFBC}") = "Task", "Task\Task.csproj", "{E494CA91-BE8B-408D-B66E-7260D07A3020}"
EndProject
Global
	GlobalSection(SolutionConfigurationPlatforms) = preSolution
		Debug|Any CPU = Debug|Any CPU
		Release|Any CPU = Release|Any CPU
	EndGlobalSection
	GlobalSection(ProjectConfigurationPlatforms) = postSolution
		{E494CA91-BE8B-408D-B66E-7260D07A3020}.Debug|Any CPU.ActiveCfg = Debug|Any CPU
		{E494CA91-BE8B-408D-B66E-7260D07A3020}.Debug|Any CPU.Build.0 = Debug|Any CPU
		{E494CA91-BE8B-408D-B66E-7260D07A3020}.Release|Any CPU.ActiveCfg = Release|Any CPU
		{E494CA91-BE8B-408D-B66E-7260D07A3020}.Release|Any CPU.Build.0 = Release|Any CPU
	EndGlobalSection
	GlobalSection(SolutionProperties) = preSolution
		HideSolutionNode = FALSE
	EndGlobalSection
	GlobalSection(ExtensibilityGlobals) = postSolution
		SolutionGuid = {464C71D2-55C8-4B4A-B636-8DAEB0F756DC}
	EndGlobalSection
EndGlobal
